
Microsoft Visual Studio Solution File, Format Version 12.00
# Visual Studio Version 17
VisualStudioVersion = 17.3.32819.101
MinimumVisualStudioVersion = 10.0.40219.1
Project("{FAE04EC0-301F-11D3-BF4B-00C04F79EFBC}") = "aCurrencyServiceHttp", "aCurrencyServiceHttp.csproj", "{7E978CA7-9102-477F-9599-BB91E0161859}"
EndProject
Global
	GlobalSection(SolutionConfigurationPlatforms) = preSolution
		Debug|Any CPU = Debug|Any CPU
		Release|Any CPU = Release|Any CPU
	EndGlobalSection
	GlobalSection(ProjectConfigurationPlatforms) = postSolution
		{7E978CA7-9102-477F-9599-BB91E0161859}.Debug|Any CPU.ActiveCfg = Debug|Any CPU
		{7E978CA7-9102-477F-9599-BB91E0161859}.Debug|Any CPU.Build.0 = Debug|Any CPU
		{7E978CA7-9102-477F-9599-BB91E0161859}.Release|Any CPU.ActiveCfg = Release|Any CPU
		{7E978CA7-9102-477F-9599-BB91E0161859}.Release|Any CPU.Build.0 = Release|Any CPU
	EndGlobalSection
	GlobalSection(SolutionProperties) = preSolution
		HideSolutionNode = FALSE
	EndGlobalSection
	GlobalSection(ExtensibilityGlobals) = postSolution
		SolutionGuid = {41EF4ECA-879C-4851-BBEB-05DA1467C3F1}
	EndGlobalSection
EndGlobal
